
Microsoft Visual Studio Solution File, Format Version 12.00
# Visual Studio Version 17
VisualStudioVersion = 17.14.36623.8
MinimumVisualStudioVersion = 10.0.40219.1
Project("{FAE04EC0-301F-11D3-BF4B-00C04F79EFBC}") = "BlazorRenderingDemo", "BlazorRenderingDemo\BlazorRenderingDemo\BlazorRenderingDemo.csproj", "{D9D2E428-61ED-40D2-B9B3-F90A047C7D4B}"
EndProject
Project("{FAE04EC0-301F-11D3-BF4B-00C04F79EFBC}") = "BlazorRenderingDemo.Client", "BlazorRenderingDemo\BlazorRenderingDemo.Client\BlazorRenderingDemo.Client.csproj", "{B7C63B05-B40E-4553-8CC1-220F94F6C79B}"
EndProject
Global
	GlobalSection(SolutionConfigurationPlatforms) = preSolution
		Debug|Any CPU = Debug|Any CPU
		Release|Any CPU = Release|Any CPU
	EndGlobalSection
	GlobalSection(ProjectConfigurationPlatforms) = postSolution
		{D9D2E428-61ED-40D2-B9B3-F90A047C7D4B}.Debug|Any CPU.ActiveCfg = Debug|Any CPU
		{D9D2E428-61ED-40D2-B9B3-F90A047C7D4B}.Debug|Any CPU.Build.0 = Debug|Any CPU
		{D9D2E428-61ED-40D2-B9B3-F90A047C7D4B}.Release|Any CPU.ActiveCfg = Release|Any CPU
		{D9D2E428-61ED-40D2-B9B3-F90A047C7D4B}.Release|Any CPU.Build.0 = Release|Any CPU
		{B7C63B05-B40E-4553-8CC1-220F94F6C79B}.Debug|Any CPU.ActiveCfg = Debug|Any CPU
		{B7C63B05-B40E-4553-8CC1-220F94F6C79B}.Debug|Any CPU.Build.0 = Debug|Any CPU
		{B7C63B05-B40E-4553-8CC1-220F94F6C79B}.Release|Any CPU.ActiveCfg = Release|Any CPU
		{B7C63B05-B40E-4553-8CC1-220F94F6C79B}.Release|Any CPU.Build.0 = Release|Any CPU
	EndGlobalSection
	GlobalSection(SolutionProperties) = preSolution
		HideSolutionNode = FALSE
	EndGlobalSection
	GlobalSection(ExtensibilityGlobals) = postSolution
		SolutionGuid = {AB797C99-F7F2-4A8B-A5F1-E8622581DC38}
	EndGlobalSection
EndGlobal
